
Microsoft Visual Studio Solution File, Format Version 12.00
# Visual Studio Version 17
VisualStudioVersion = 17.5.33414.496
MinimumVisualStudioVersion = 10.0.40219.1
Project("{FAE04EC0-301F-11D3-BF4B-00C04F79EFBC}") = "MachineTest3", "MachineTest3.csproj", "{27344C5B-5559-4AEA-8851-06EFBC02AA24}"
EndProject
Project("{FAE04EC0-301F-11D3-BF4B-00C04F79EFBC}") = "MachineTest.Data", "MachineTest.Data\MachineTest.Data.csproj", "{B1B643CC-E4FC-440F-B0F3-F23EEF191894}"
EndProject
Global
	GlobalSection(SolutionConfigurationPlatforms) = preSolution
		Debug|Any CPU = Debug|Any CPU
		Release|Any CPU = Release|Any CPU
	EndGlobalSection
	GlobalSection(ProjectConfigurationPlatforms) = postSolution
		{27344C5B-5559-4AEA-8851-06EFBC02AA24}.Debug|Any CPU.ActiveCfg = Debug|Any CPU
		{27344C5B-5559-4AEA-8851-06EFBC02AA24}.Debug|Any CPU.Build.0 = Debug|Any CPU
		{27344C5B-5559-4AEA-8851-06EFBC02AA24}.Release|Any CPU.ActiveCfg = Release|Any CPU
		{27344C5B-5559-4AEA-8851-06EFBC02AA24}.Release|Any CPU.Build.0 = Release|Any CPU
		{B1B643CC-E4FC-440F-B0F3-F23EEF191894}.Debug|Any CPU.ActiveCfg = Debug|Any CPU
		{B1B643CC-E4FC-440F-B0F3-F23EEF191894}.Debug|Any CPU.Build.0 = Debug|Any CPU
		{B1B643CC-E4FC-440F-B0F3-F23EEF191894}.Release|Any CPU.ActiveCfg = Release|Any CPU
		{B1B643CC-E4FC-440F-B0F3-F23EEF191894}.Release|Any CPU.Build.0 = Release|Any CPU
	EndGlobalSection
	GlobalSection(SolutionProperties) = preSolution
		HideSolutionNode = FALSE
	EndGlobalSection
	GlobalSection(ExtensibilityGlobals) = postSolution
		SolutionGuid = {CAC229C4-8AC0-4DE9-AE56-A3486C84E7DB}
	EndGlobalSection
EndGlobal
